
Microsoft Visual Studio Solution File, Format Version 12.00
# Visual Studio Version 17
VisualStudioVersion = 17.2.32526.322
MinimumVisualStudioVersion = 10.0.40219.1
Project("{FAE04EC0-301F-11D3-BF4B-00C04F79EFBC}") = "RazorPagesMovie", "RazorPagesMovie\RazorPagesMovie.csproj", "{FCEC076A-FDF0-4ED8-B329-DBA5E8A3212B}"
EndProject
Global
	GlobalSection(SolutionConfigurationPlatforms) = preSolution
		Debug|Any CPU = Debug|Any CPU
		Release|Any CPU = Release|Any CPU
	EndGlobalSection
	GlobalSection(ProjectConfigurationPlatforms) = postSolution
		{FCEC076A-FDF0-4ED8-B329-DBA5E8A3212B}.Debug|Any CPU.ActiveCfg = Debug|Any CPU
		{FCEC076A-FDF0-4ED8-B329-DBA5E8A3212B}.Debug|Any CPU.Build.0 = Debug|Any CPU
		{FCEC076A-FDF0-4ED8-B329-DBA5E8A3212B}.Release|Any CPU.ActiveCfg = Release|Any CPU
		{FCEC076A-FDF0-4ED8-B329-DBA5E8A3212B}.Release|Any CPU.Build.0 = Release|Any CPU
	EndGlobalSection
	GlobalSection(SolutionProperties) = preSolution
		HideSolutionNode = FALSE
	EndGlobalSection
	GlobalSection(ExtensibilityGlobals) = postSolution
		SolutionGuid = {B4724439-3245-44B5-B14E-346E90AA56CD}
	EndGlobalSection
EndGlobal
